// !$*UTF8*$!
{
	archiveVersion = 1;
	classes = {
	};
	objectVersion = 50;
	objects = {

/* Begin PBXBuildFile section */
		BF163244211ED1BC0071F8EB /* TurboBoostControl.c in Sources */ = {isa = PBXBuildFile; fileRef = BF163243211ED1BC0071F8EB /* TurboBoostControl.c */; };
/* End PBXBuildFile section */

/* Begin PBXFileReference section */
		BF163240211ED1BC0071F8EB /* TurboBoostControl.kext */ = {isa = PBXFileReference; explicitFileType = wrapper.cfbundle; includeInIndex = 0; path = TurboBoostControl.kext; sourceTree = BUILT_PRODUCTS_DIR; };
		BF163243211ED1BC0071F8EB /* TurboBoostControl.c */ = {isa = PBXFileReference; lastKnownFileType = sourcecode.c.c; path = TurboBoostControl.c; sourceTree = "<group>"; };
		BF163245211ED1BC0071F8EB /* Info.plist */ = {isa = PBXFileReference; lastKnownFileType = text.plist.xml; path = Info.plist; sourceTree = "<group>"; };
		BF56BD742121E308009CAA92 /* LaunchDaemon.plist */ = {isa = PBXFileReference; fileEncoding = 4; lastKnownFileType = text.plist.xml; path = LaunchDaemon.plist; sourceTree = "<group>"; };
/* End PBXFileReference section */

/* Begin PBXFrameworksBuildPhase section */
		BF16323C211ED1BC0071F8EB /* Frameworks */ = {
			isa = PBXFrameworksBuildPhase;
			buildActionMask = 2147483647;
			files = (
			);
			runOnlyForDeploymentPostprocessing = 0;
		};
/* End PBXFrameworksBuildPhase section */

/* Begin PBXGroup section */
		BF163236211ED1BB0071F8EB = {
			isa = PBXGroup;
			children = (
				BF163242211ED1BC0071F8EB /* TurboBoostControl */,
				BF163241211ED1BC0071F8EB /* Products */,
			);
			sourceTree = "<group>";
		};
		BF163241211ED1BC0071F8EB /* Products */ = {
			isa = PBXGroup;
			children = (
				BF163240211ED1BC0071F8EB /* TurboBoostControl.kext */,
			);
			name = Products;
			sourceTree = "<group>";
		};
		BF163242211ED1BC0071F8EB /* TurboBoostControl */ = {
			isa = PBXGroup;
			children = (
				BF163243211ED1BC0071F8EB /* TurboBoostControl.c */,
				BF163245211ED1BC0071F8EB /* Info.plist */,
				BF56BD742121E308009CAA92 /* LaunchDaemon.plist */,
			);
			path = TurboBoostControl;
			sourceTree = "<group>";
		};
/* End PBXGroup section */

/* Begin PBXHeadersBuildPhase section */
		BF16323D211ED1BC0071F8EB /* Headers */ = {
			isa = PBXHeadersBuildPhase;
			buildActionMask = 2147483647;
			files = (
			);
			runOnlyForDeploymentPostprocessing = 0;
		};
/* End PBXHeadersBuildPhase section */

/* Begin PBXNativeTarget section */
		BF16323F211ED1BC0071F8EB /* TurboBoostControl */ = {
			isa = PBXNativeTarget;
			buildConfigurationList = BF163248211ED1BC0071F8EB /* Build configuration list for PBXNativeTarget "TurboBoostControl" */;
			buildPhases = (
				BF16323B211ED1BC0071F8EB /* Sources */,
				BF16323C211ED1BC0071F8EB /* Frameworks */,
				BF16323D211ED1BC0071F8EB /* Headers */,
				BF16323E211ED1BC0071F8EB /* Resources */,
			);
			buildRules = (
			);
			dependencies = (
			);
			name = TurboBoostControl;
			productName = TurboBoostControl;
			productReference = BF163240211ED1BC0071F8EB /* TurboBoostControl.kext */;
			productType = "com.apple.product-type.kernel-extension";
		};
/* End PBXNativeTarget section */

/* Begin PBXProject section */
		BF163237211ED1BB0071F8EB /* Project object */ = {
			isa = PBXProject;
			attributes = {
				LastUpgradeCheck = 0940;
				ORGANIZATIONNAME = "Lorenzo Villani";
				TargetAttributes = {
					BF16323F211ED1BC0071F8EB = {
						CreatedOnToolsVersion = 9.4.1;
					};
				};
			};
			buildConfigurationList = BF16323A211ED1BB0071F8EB /* Build configuration list for PBXProject "TurboBoostControl" */;
			compatibilityVersion = "Xcode 9.3";
			developmentRegion = en;
			hasScannedForEncodings = 0;
			knownRegions = (
				en,
			);
			mainGroup = BF163236211ED1BB0071F8EB;
			productRefGroup = BF163241211ED1BC0071F8EB /* Products */;
			projectDirPath = "";
			projectRoot = "";
			targets = (
				BF16323F211ED1BC0071F8EB /* TurboBoostControl */,
			);
		};
/* End PBXProject section */

/* Begin PBXResourcesBuildPhase section */
		BF16323E211ED1BC0071F8EB /* Resources */ = {
			isa = PBXResourcesBuildPhase;
			buildActionMask = 2147483647;
			files = (
			);
			runOnlyForDeploymentPostprocessing = 0;
		};
/* End PBXResourcesBuildPhase section */

/* Begin PBXSourcesBuildPhase section */
		BF16323B211ED1BC0071F8EB /* Sources */ = {
			isa = PBXSourcesBuildPhase;
			buildActionMask = 2147483647;
			files = (
				BF163244211ED1BC0071F8EB /* TurboBoostControl.c in Sources */,
			);
			runOnlyForDeploymentPostprocessing = 0;
		};
/* End PBXSourcesBuildPhase section */

/* Begin XCBuildConfiguration section */
		BF163246211ED1BC0071F8EB /* Debug */ = {
			isa = XCBuildConfiguration;
			buildSettings = {
				ALWAYS_SEARCH_USER_PATHS = NO;
				CLANG_ANALYZER_NONNULL = YES;
				CLANG_ANALYZER_NUMBER_OBJECT_CONVERSION = YES_AGGRESSIVE;
				CLANG_CXX_LANGUAGE_STANDARD = "gnu++14";
				CLANG_CXX_LIBRARY = "libc++";
				CLANG_ENABLE_MODULES = YES;
				CLANG_ENABLE_OBJC_ARC = YES;
				CLANG_ENABLE_OBJC_WEAK = YES;
				CLANG_WARN_BLOCK_CAPTURE_AUTORELEASING = YES;
				CLANG_WARN_BOOL_CONVERSION = YES;
				CLANG_WARN_COMMA = YES;
				CLANG_WARN_CONSTANT_CONVERSION = YES;
				CLANG_WARN_DEPRECATED_OBJC_IMPLEMENTATIONS = YES;
				CLANG_WARN_DIRECT_OBJC_ISA_USAGE = YES_ERROR;
				CLANG_WARN_DOCUMENTATION_COMMENTS = YES;
				CLANG_WARN_EMPTY_BODY = YES;
				CLANG_WARN_ENUM_CONVERSION = YES;
				CLANG_WARN_INFINITE_RECURSION = YES;
				CLANG_WARN_INT_CONVERSION = YES;
				CLANG_WARN_NON_LITERAL_NULL_CONVERSION = YES;
				CLANG_WARN_OBJC_IMPLICIT_RETAIN_SELF = YES;
				CLANG_WARN_OBJC_LITERAL_CONVERSION = YES;
				CLANG_WARN_OBJC_ROOT_CLASS = YES_ERROR;
				CLANG_WARN_RANGE_LOOP_ANALYSIS = YES;
				CLANG_WARN_STRICT_PROTOTYPES = YES;
				CLANG_WARN_SUSPICIOUS_MOVE = YES;
				CLANG_WARN_UNGUARDED_AVAILABILITY = YES_AGGRESSIVE;
				CLANG_WARN_UNREACHABLE_CODE = YES;
				CLANG_WARN__DUPLICATE_METHOD_MATCH = YES;
				CODE_SIGN_IDENTITY = "Mac Developer";
				COPY_PHASE_STRIP = NO;
				DEBUG_INFORMATION_FORMAT = dwarf;
				ENABLE_STRICT_OBJC_MSGSEND = YES;
				ENABLE_TESTABILITY = YES;
				GCC_C_LANGUAGE_STANDARD = gnu11;
				GCC_DYNAMIC_NO_PIC = NO;
				GCC_NO_COMMON_BLOCKS = YES;
				GCC_OPTIMIZATION_LEVEL = 0;
				GCC_PREPROCESSOR_DEFINITIONS = (
					"DEBUG=1",
					"$(inherited)",
				);
				GCC_WARN_64_TO_32_BIT_CONVERSION = YES;
				GCC_WARN_ABOUT_RETURN_TYPE = YES_ERROR;
				GCC_WARN_UNDECLARED_SELECTOR = YES;
				GCC_WARN_UNINITIALIZED_AUTOS = YES_AGGRESSIVE;
				GCC_WARN_UNUSED_FUNCTION = YES;
				GCC_WARN_UNUSED_VARIABLE = YES;
				MACOSX_DEPLOYMENT_TARGET = 10.13;
				MTL_ENABLE_DEBUG_INFO = YES;
				ONLY_ACTIVE_ARCH = YES;
				SDKROOT = macosx;
			};
			name = Debug;
		};
		BF163247211ED1BC0071F8EB /* Release */ = {
			isa = XCBuildConfiguration;
			buildSettings = {
				ALWAYS_SEARCH_USER_PATHS = NO;
				CLANG_ANALYZER_NONNULL = YES;
				CLANG_ANALYZER_NUMBER_OBJECT_CONVERSION = YES_AGGRESSIVE;
				CLANG_CXX_LANGUAGE_STANDARD = "gnu++14";
				CLANG_CXX_LIBRARY = "libc++";
				CLANG_ENABLE_MODULES = YES;
				CLANG_ENABLE_OBJC_ARC = YES;
				CLANG_ENABLE_OBJC_WEAK = YES;
				CLANG_WARN_BLOCK_CAPTURE_AUTORELEASING = YES;
				CLANG_WARN_BOOL_CONVERSION = YES;
				CLANG_WARN_COMMA = YES;
				CLANG_WARN_CONSTANT_CONVERSION = YES;
				CLANG_WARN_DEPRECATED_OBJC_IMPLEMENTATIONS = YES;
				CLANG_WARN_DIRECT_OBJC_ISA_USAGE = YES_ERROR;
				CLANG_WARN_DOCUMENTATION_COMMENTS = YES;
				CLANG_WARN_EMPTY_BODY = YES;
				CLANG_WARN_ENUM_CONVERSION = YES;
				CLANG_WARN_INFINITE_RECURSION = YES;
				CLANG_WARN_INT_CONVERSION = YES;
				CLANG_WARN_NON_LITERAL_NULL_CONVERSION = YES;
				CLANG_WARN_OBJC_IMPLICIT_RETAIN_SELF = YES;
				CLANG_WARN_OBJC_LITERAL_CONVERSION = YES;
				CLANG_WARN_OBJC_ROOT_CLASS = YES_ERROR;
				CLANG_WARN_RANGE_LOOP_ANALYSIS = YES;
				CLANG_WARN_STRICT_PROTOTYPES = YES;
				CLANG_WARN_SUSPICIOUS_MOVE = YES;
				CLANG_WARN_UNGUARDED_AVAILABILITY = YES_AGGRESSIVE;
				CLANG_WARN_UNREACHABLE_CODE = YES;
				CLANG_WARN__DUPLICATE_METHOD_MATCH = YES;
				CODE_SIGN_IDENTITY = "Mac Developer";
				COPY_PHASE_STRIP = NO;
				DEBUG_INFORMATION_FORMAT = "dwarf-with-dsym";
				ENABLE_NS_ASSERTIONS = NO;
				ENABLE_STRICT_OBJC_MSGSEND = YES;
				GCC_C_LANGUAGE_STANDARD = gnu11;
				GCC_NO_COMMON_BLOCKS = YES;
				GCC_WARN_64_TO_32_BIT_CONVERSION = YES;
				GCC_WARN_ABOUT_RETURN_TYPE = YES_ERROR;
				GCC_WARN_UNDECLARED_SELECTOR = YES;
				GCC_WARN_UNINITIALIZED_AUTOS = YES_AGGRESSIVE;
				GCC_WARN_UNUSED_FUNCTION = YES;
				GCC_WARN_UNUSED_VARIABLE = YES;
				MACOSX_DEPLOYMENT_TARGET = 10.13;
				MTL_ENABLE_DEBUG_INFO = NO;
				SDKROOT = macosx;
			};
			name = Release;
		};
		BF163249211ED1BC0071F8EB /* Debug */ = {
			isa = XCBuildConfiguration;
			buildSettings = {
				CODE_SIGN_STYLE = Automatic;
				DEVELOPMENT_TEAM = 8CBT3XE9DN;
				INFOPLIST_FILE = TurboBoostControl/Info.plist;
				MODULE_NAME = me.villani.lorenzo.TurboBoostControl;
				MODULE_START = TurboBoostControl_start;
				MODULE_STOP = TurboBoostControl_stop;
				MODULE_VERSION = 1.0.0d1;
				OTHER_CFLAGS = "-no-cpp-precomp";
				PRODUCT_BUNDLE_IDENTIFIER = me.villani.lorenzo.TurboBoostControl;
				PRODUCT_NAME = "$(TARGET_NAME)";
				WRAPPER_EXTENSION = kext;
			};
			name = Debug;
		};
		BF16324A211ED1BC0071F8EB /* Release */ = {
			isa = XCBuildConfiguration;
			buildSettings = {
				CODE_SIGN_STYLE = Automatic;
				DEVELOPMENT_TEAM = 8CBT3XE9DN;
				INFOPLIST_FILE = TurboBoostControl/Info.plist;
				MODULE_NAME = me.villani.lorenzo.TurboBoostControl;
				MODULE_START = TurboBoostControl_start;
				MODULE_STOP = TurboBoostControl_stop;
				MODULE_VERSION = 1.0.0d1;
				OTHER_CFLAGS = "-no-cpp-precomp";
				PRODUCT_BUNDLE_IDENTIFIER = me.villani.lorenzo.TurboBoostControl;
				PRODUCT_NAME = "$(TARGET_NAME)";
				WRAPPER_EXTENSION = kext;
			};
			name = Release;
		};
/* End XCBuildConfiguration section */

/* Begin XCConfigurationList section */
		BF16323A211ED1BB0071F8EB /* Build configuration list for PBXProject "TurboBoostControl" */ = {
			isa = XCConfigurationList;
			buildConfigurations = (
				BF163246211ED1BC0071F8EB /* Debug */,
				BF163247211ED1BC0071F8EB /* Release */,
			);
			defaultConfigurationIsVisible = 0;
			defaultConfigurationName = Release;
		};
		BF163248211ED1BC0071F8EB /* Build configuration list for PBXNativeTarget "TurboBoostControl" */ = {
			isa = XCConfigurationList;
			buildConfigurations = (
				BF163249211ED1BC0071F8EB /* Debug */,
				BF16324A211ED1BC0071F8EB /* Release */,
			);
			defaultConfigurationIsVisible = 0;
			defaultConfigurationName = Release;
		};
/* End XCConfigurationList section */
	};
	rootObject = BF163237211ED1BB0071F8EB /* Project object */;
}
