// !$*UTF8*$!
{
	archiveVersion = 1;
	classes = {
	};
	objectVersion = 50;
	objects = {

/* Begin PBXBuildFile section */
		BF61B1B1211F464D0016E387 /* AppDelegate.swift in Sources */ = {isa = PBXBuildFile; fileRef = BF61B1B0211F464D0016E387 /* AppDelegate.swift */; };
		BF61B1B5211F464F0016E387 /* Assets.xcassets in Resources */ = {isa = PBXBuildFile; fileRef = BF61B1B4211F464F0016E387 /* Assets.xcassets */; };
		BF61B1C5212181B20016E387 /* turboboostcontrol.c in Sources */ = {isa = PBXBuildFile; fileRef = BF61B1C4212181B20016E387 /* turboboostcontrol.c */; };
		BF61B1C7212191E20016E387 /* Main.storyboard in Resources */ = {isa = PBXBuildFile; fileRef = BF61B1C6212191E20016E387 /* Main.storyboard */; };
		BF9F76572121BF8C00E6FA59 /* Defaults.swift in Sources */ = {isa = PBXBuildFile; fileRef = BF9F76562121BF8C00E6FA59 /* Defaults.swift */; };
/* End PBXBuildFile section */

/* Begin PBXFileReference section */
		BF61B1AD211F464D0016E387 /* Stamina.app */ = {isa = PBXFileReference; explicitFileType = wrapper.application; includeInIndex = 0; path = Stamina.app; sourceTree = BUILT_PRODUCTS_DIR; };
		BF61B1B0211F464D0016E387 /* AppDelegate.swift */ = {isa = PBXFileReference; lastKnownFileType = sourcecode.swift; path = AppDelegate.swift; sourceTree = "<group>"; };
		BF61B1B4211F464F0016E387 /* Assets.xcassets */ = {isa = PBXFileReference; lastKnownFileType = folder.assetcatalog; path = Assets.xcassets; sourceTree = "<group>"; };
		BF61B1B9211F464F0016E387 /* Info.plist */ = {isa = PBXFileReference; lastKnownFileType = text.plist.xml; path = Info.plist; sourceTree = "<group>"; };
		BF61B1BA211F464F0016E387 /* Stamina.entitlements */ = {isa = PBXFileReference; lastKnownFileType = text.plist.entitlements; path = Stamina.entitlements; sourceTree = "<group>"; };
		BF61B1C2212181B20016E387 /* Stamina-Bridging-Header.h */ = {isa = PBXFileReference; lastKnownFileType = sourcecode.c.h; path = "Stamina-Bridging-Header.h"; sourceTree = "<group>"; };
		BF61B1C3212181B20016E387 /* turboboostcontrol.h */ = {isa = PBXFileReference; lastKnownFileType = sourcecode.c.h; path = turboboostcontrol.h; sourceTree = "<group>"; };
		BF61B1C4212181B20016E387 /* turboboostcontrol.c */ = {isa = PBXFileReference; lastKnownFileType = sourcecode.c.c; path = turboboostcontrol.c; sourceTree = "<group>"; };
		BF61B1C6212191E20016E387 /* Main.storyboard */ = {isa = PBXFileReference; lastKnownFileType = file.storyboard; path = Main.storyboard; sourceTree = "<group>"; };
		BF9F76562121BF8C00E6FA59 /* Defaults.swift */ = {isa = PBXFileReference; lastKnownFileType = sourcecode.swift; path = Defaults.swift; sourceTree = "<group>"; };
/* End PBXFileReference section */

/* Begin PBXFrameworksBuildPhase section */
		BF61B1AA211F464D0016E387 /* Frameworks */ = {
			isa = PBXFrameworksBuildPhase;
			buildActionMask = 2147483647;
			files = (
			);
			runOnlyForDeploymentPostprocessing = 0;
		};
/* End PBXFrameworksBuildPhase section */

/* Begin PBXGroup section */
		BF61B1A4211F464D0016E387 = {
			isa = PBXGroup;
			children = (
				BF61B1AF211F464D0016E387 /* Stamina */,
				BF61B1AE211F464D0016E387 /* Products */,
			);
			sourceTree = "<group>";
		};
		BF61B1AE211F464D0016E387 /* Products */ = {
			isa = PBXGroup;
			children = (
				BF61B1AD211F464D0016E387 /* Stamina.app */,
			);
			name = Products;
			sourceTree = "<group>";
		};
		BF61B1AF211F464D0016E387 /* Stamina */ = {
			isa = PBXGroup;
			children = (
				BF61B1C4212181B20016E387 /* turboboostcontrol.c */,
				BF61B1BA211F464F0016E387 /* Stamina.entitlements */,
				BF61B1C2212181B20016E387 /* Stamina-Bridging-Header.h */,
				BF61B1C3212181B20016E387 /* turboboostcontrol.h */,
				BF61B1B9211F464F0016E387 /* Info.plist */,
				BF61B1C6212191E20016E387 /* Main.storyboard */,
				BF61B1B0211F464D0016E387 /* AppDelegate.swift */,
				BF9F76562121BF8C00E6FA59 /* Defaults.swift */,
				BF61B1B4211F464F0016E387 /* Assets.xcassets */,
			);
			path = Stamina;
			sourceTree = "<group>";
		};
/* End PBXGroup section */

/* Begin PBXNativeTarget section */
		BF61B1AC211F464D0016E387 /* Stamina */ = {
			isa = PBXNativeTarget;
			buildConfigurationList = BF61B1BD211F464F0016E387 /* Build configuration list for PBXNativeTarget "Stamina" */;
			buildPhases = (
				BF61B1A9211F464D0016E387 /* Sources */,
				BF61B1AA211F464D0016E387 /* Frameworks */,
				BF61B1AB211F464D0016E387 /* Resources */,
			);
			buildRules = (
			);
			dependencies = (
			);
			name = Stamina;
			productName = Stamina;
			productReference = BF61B1AD211F464D0016E387 /* Stamina.app */;
			productType = "com.apple.product-type.application";
		};
/* End PBXNativeTarget section */

/* Begin PBXProject section */
		BF61B1A5211F464D0016E387 /* Project object */ = {
			isa = PBXProject;
			attributes = {
				LastSwiftUpdateCheck = 0940;
				LastUpgradeCheck = 0940;
				ORGANIZATIONNAME = "Lorenzo Villani";
				TargetAttributes = {
					BF61B1AC211F464D0016E387 = {
						CreatedOnToolsVersion = 9.4.1;
						LastSwiftMigration = 0940;
					};
				};
			};
			buildConfigurationList = BF61B1A8211F464D0016E387 /* Build configuration list for PBXProject "Stamina" */;
			compatibilityVersion = "Xcode 9.3";
			developmentRegion = en;
			hasScannedForEncodings = 0;
			knownRegions = (
				en,
				Base,
			);
			mainGroup = BF61B1A4211F464D0016E387;
			productRefGroup = BF61B1AE211F464D0016E387 /* Products */;
			projectDirPath = "";
			projectRoot = "";
			targets = (
				BF61B1AC211F464D0016E387 /* Stamina */,
			);
		};
/* End PBXProject section */

/* Begin PBXResourcesBuildPhase section */
		BF61B1AB211F464D0016E387 /* Resources */ = {
			isa = PBXResourcesBuildPhase;
			buildActionMask = 2147483647;
			files = (
				BF61B1B5211F464F0016E387 /* Assets.xcassets in Resources */,
				BF61B1C7212191E20016E387 /* Main.storyboard in Resources */,
			);
			runOnlyForDeploymentPostprocessing = 0;
		};
/* End PBXResourcesBuildPhase section */

/* Begin PBXSourcesBuildPhase section */
		BF61B1A9211F464D0016E387 /* Sources */ = {
			isa = PBXSourcesBuildPhase;
			buildActionMask = 2147483647;
			files = (
				BF9F76572121BF8C00E6FA59 /* Defaults.swift in Sources */,
				BF61B1C5212181B20016E387 /* turboboostcontrol.c in Sources */,
				BF61B1B1211F464D0016E387 /* AppDelegate.swift in Sources */,
			);
			runOnlyForDeploymentPostprocessing = 0;
		};
/* End PBXSourcesBuildPhase section */

/* Begin XCBuildConfiguration section */
		BF61B1BB211F464F0016E387 /* Debug */ = {
			isa = XCBuildConfiguration;
			buildSettings = {
				ALWAYS_SEARCH_USER_PATHS = NO;
				CLANG_ANALYZER_NONNULL = YES;
				CLANG_ANALYZER_NUMBER_OBJECT_CONVERSION = YES_AGGRESSIVE;
				CLANG_CXX_LANGUAGE_STANDARD = "gnu++14";
				CLANG_CXX_LIBRARY = "libc++";
				CLANG_ENABLE_MODULES = YES;
				CLANG_ENABLE_OBJC_ARC = YES;
				CLANG_ENABLE_OBJC_WEAK = YES;
				CLANG_WARN_BLOCK_CAPTURE_AUTORELEASING = YES;
				CLANG_WARN_BOOL_CONVERSION = YES;
				CLANG_WARN_COMMA = YES;
				CLANG_WARN_CONSTANT_CONVERSION = YES;
				CLANG_WARN_DEPRECATED_OBJC_IMPLEMENTATIONS = YES;
				CLANG_WARN_DIRECT_OBJC_ISA_USAGE = YES_ERROR;
				CLANG_WARN_DOCUMENTATION_COMMENTS = YES;
				CLANG_WARN_EMPTY_BODY = YES;
				CLANG_WARN_ENUM_CONVERSION = YES;
				CLANG_WARN_INFINITE_RECURSION = YES;
				CLANG_WARN_INT_CONVERSION = YES;
				CLANG_WARN_NON_LITERAL_NULL_CONVERSION = YES;
				CLANG_WARN_OBJC_IMPLICIT_RETAIN_SELF = YES;
				CLANG_WARN_OBJC_LITERAL_CONVERSION = YES;
				CLANG_WARN_OBJC_ROOT_CLASS = YES_ERROR;
				CLANG_WARN_RANGE_LOOP_ANALYSIS = YES;
				CLANG_WARN_STRICT_PROTOTYPES = YES;
				CLANG_WARN_SUSPICIOUS_MOVE = YES;
				CLANG_WARN_UNGUARDED_AVAILABILITY = YES_AGGRESSIVE;
				CLANG_WARN_UNREACHABLE_CODE = YES;
				CLANG_WARN__DUPLICATE_METHOD_MATCH = YES;
				CODE_SIGN_IDENTITY = "Mac Developer";
				COPY_PHASE_STRIP = NO;
				DEBUG_INFORMATION_FORMAT = dwarf;
				ENABLE_STRICT_OBJC_MSGSEND = YES;
				ENABLE_TESTABILITY = YES;
				GCC_C_LANGUAGE_STANDARD = gnu11;
				GCC_DYNAMIC_NO_PIC = NO;
				GCC_NO_COMMON_BLOCKS = YES;
				GCC_OPTIMIZATION_LEVEL = 0;
				GCC_PREPROCESSOR_DEFINITIONS = (
					"DEBUG=1",
					"$(inherited)",
				);
				GCC_WARN_64_TO_32_BIT_CONVERSION = YES;
				GCC_WARN_ABOUT_RETURN_TYPE = YES_ERROR;
				GCC_WARN_UNDECLARED_SELECTOR = YES;
				GCC_WARN_UNINITIALIZED_AUTOS = YES_AGGRESSIVE;
				GCC_WARN_UNUSED_FUNCTION = YES;
				GCC_WARN_UNUSED_VARIABLE = YES;
				MACOSX_DEPLOYMENT_TARGET = 10.13;
				MTL_ENABLE_DEBUG_INFO = YES;
				ONLY_ACTIVE_ARCH = YES;
				SDKROOT = macosx;
				SWIFT_ACTIVE_COMPILATION_CONDITIONS = DEBUG;
				SWIFT_OPTIMIZATION_LEVEL = "-Onone";
			};
			name = Debug;
		};
		BF61B1BC211F464F0016E387 /* Release */ = {
			isa = XCBuildConfiguration;
			buildSettings = {
				ALWAYS_SEARCH_USER_PATHS = NO;
				CLANG_ANALYZER_NONNULL = YES;
				CLANG_ANALYZER_NUMBER_OBJECT_CONVERSION = YES_AGGRESSIVE;
				CLANG_CXX_LANGUAGE_STANDARD = "gnu++14";
				CLANG_CXX_LIBRARY = "libc++";
				CLANG_ENABLE_MODULES = YES;
				CLANG_ENABLE_OBJC_ARC = YES;
				CLANG_ENABLE_OBJC_WEAK = YES;
				CLANG_WARN_BLOCK_CAPTURE_AUTORELEASING = YES;
				CLANG_WARN_BOOL_CONVERSION = YES;
				CLANG_WARN_COMMA = YES;
				CLANG_WARN_CONSTANT_CONVERSION = YES;
				CLANG_WARN_DEPRECATED_OBJC_IMPLEMENTATIONS = YES;
				CLANG_WARN_DIRECT_OBJC_ISA_USAGE = YES_ERROR;
				CLANG_WARN_DOCUMENTATION_COMMENTS = YES;
				CLANG_WARN_EMPTY_BODY = YES;
				CLANG_WARN_ENUM_CONVERSION = YES;
				CLANG_WARN_INFINITE_RECURSION = YES;
				CLANG_WARN_INT_CONVERSION = YES;
				CLANG_WARN_NON_LITERAL_NULL_CONVERSION = YES;
				CLANG_WARN_OBJC_IMPLICIT_RETAIN_SELF = YES;
				CLANG_WARN_OBJC_LITERAL_CONVERSION = YES;
				CLANG_WARN_OBJC_ROOT_CLASS = YES_ERROR;
				CLANG_WARN_RANGE_LOOP_ANALYSIS = YES;
				CLANG_WARN_STRICT_PROTOTYPES = YES;
				CLANG_WARN_SUSPICIOUS_MOVE = YES;
				CLANG_WARN_UNGUARDED_AVAILABILITY = YES_AGGRESSIVE;
				CLANG_WARN_UNREACHABLE_CODE = YES;
				CLANG_WARN__DUPLICATE_METHOD_MATCH = YES;
				CODE_SIGN_IDENTITY = "Mac Developer";
				COPY_PHASE_STRIP = NO;
				DEBUG_INFORMATION_FORMAT = "dwarf-with-dsym";
				ENABLE_NS_ASSERTIONS = NO;
				ENABLE_STRICT_OBJC_MSGSEND = YES;
				GCC_C_LANGUAGE_STANDARD = gnu11;
				GCC_NO_COMMON_BLOCKS = YES;
				GCC_WARN_64_TO_32_BIT_CONVERSION = YES;
				GCC_WARN_ABOUT_RETURN_TYPE = YES_ERROR;
				GCC_WARN_UNDECLARED_SELECTOR = YES;
				GCC_WARN_UNINITIALIZED_AUTOS = YES_AGGRESSIVE;
				GCC_WARN_UNUSED_FUNCTION = YES;
				GCC_WARN_UNUSED_VARIABLE = YES;
				MACOSX_DEPLOYMENT_TARGET = 10.13;
				MTL_ENABLE_DEBUG_INFO = NO;
				SDKROOT = macosx;
				SWIFT_COMPILATION_MODE = wholemodule;
				SWIFT_OPTIMIZATION_LEVEL = "-O";
			};
			name = Release;
		};
		BF61B1BE211F464F0016E387 /* Debug */ = {
			isa = XCBuildConfiguration;
			buildSettings = {
				ASSETCATALOG_COMPILER_APPICON_NAME = AppIcon;
				CLANG_ENABLE_MODULES = YES;
				CODE_SIGN_ENTITLEMENTS = Stamina/Stamina.entitlements;
				CODE_SIGN_STYLE = Automatic;
				COMBINE_HIDPI_IMAGES = YES;
				DEVELOPMENT_TEAM = 8CBT3XE9DN;
				INFOPLIST_FILE = Stamina/Info.plist;
				LD_RUNPATH_SEARCH_PATHS = (
					"$(inherited)",
					"@executable_path/../Frameworks",
				);
				PRODUCT_BUNDLE_IDENTIFIER = me.villani.lorenzo.Stamina;
				PRODUCT_NAME = "$(TARGET_NAME)";
				SWIFT_OBJC_BRIDGING_HEADER = "Stamina/Stamina-Bridging-Header.h";
				SWIFT_OPTIMIZATION_LEVEL = "-Onone";
				SWIFT_VERSION = 4.0;
			};
			name = Debug;
		};
		BF61B1BF211F464F0016E387 /* Release */ = {
			isa = XCBuildConfiguration;
			buildSettings = {
				ASSETCATALOG_COMPILER_APPICON_NAME = AppIcon;
				CLANG_ENABLE_MODULES = YES;
				CODE_SIGN_ENTITLEMENTS = Stamina/Stamina.entitlements;
				CODE_SIGN_STYLE = Automatic;
				COMBINE_HIDPI_IMAGES = YES;
				DEVELOPMENT_TEAM = 8CBT3XE9DN;
				INFOPLIST_FILE = Stamina/Info.plist;
				LD_RUNPATH_SEARCH_PATHS = (
					"$(inherited)",
					"@executable_path/../Frameworks",
				);
				PRODUCT_BUNDLE_IDENTIFIER = me.villani.lorenzo.Stamina;
				PRODUCT_NAME = "$(TARGET_NAME)";
				SWIFT_OBJC_BRIDGING_HEADER = "Stamina/Stamina-Bridging-Header.h";
				SWIFT_VERSION = 4.0;
			};
			name = Release;
		};
/* End XCBuildConfiguration section */

/* Begin XCConfigurationList section */
		BF61B1A8211F464D0016E387 /* Build configuration list for PBXProject "Stamina" */ = {
			isa = XCConfigurationList;
			buildConfigurations = (
				BF61B1BB211F464F0016E387 /* Debug */,
				BF61B1BC211F464F0016E387 /* Release */,
			);
			defaultConfigurationIsVisible = 0;
			defaultConfigurationName = Release;
		};
		BF61B1BD211F464F0016E387 /* Build configuration list for PBXNativeTarget "Stamina" */ = {
			isa = XCConfigurationList;
			buildConfigurations = (
				BF61B1BE211F464F0016E387 /* Debug */,
				BF61B1BF211F464F0016E387 /* Release */,
			);
			defaultConfigurationIsVisible = 0;
			defaultConfigurationName = Release;
		};
/* End XCConfigurationList section */
	};
	rootObject = BF61B1A5211F464D0016E387 /* Project object */;
}
